// !$*UTF8*$!
{
	archiveVersion = 1;
	classes = {
	};
	objectVersion = 50;
	objects = {

/* Begin PBXBuildFile section */
		7412C92123D74B5000B52897 /* SelectGoalViewController.swift in Sources */ = {isa = PBXBuildFile; fileRef = 7412C92023D74B5000B52897 /* SelectGoalViewController.swift */; };
		7412C92323D74B9300B52897 /* SetGoalViewController.swift in Sources */ = {isa = PBXBuildFile; fileRef = 7412C92223D74B9300B52897 /* SetGoalViewController.swift */; };
		74C02C8623D8A0F600B1656D /* Stack.swift in Sources */ = {isa = PBXBuildFile; fileRef = 74C02C8523D8A0F600B1656D /* Stack.swift */; };
		74C02C8823D8A13C00B1656D /* Goal.swift in Sources */ = {isa = PBXBuildFile; fileRef = 74C02C8723D8A13C00B1656D /* Goal.swift */; };
		74C02C8A23D8A14800B1656D /* GoalController.swift in Sources */ = {isa = PBXBuildFile; fileRef = 74C02C8923D8A14800B1656D /* GoalController.swift */; };
		74C1263D23CE16150046AA91 /* AppDelegate.swift in Sources */ = {isa = PBXBuildFile; fileRef = 74C1263C23CE16150046AA91 /* AppDelegate.swift */; };
		74C1263F23CE16150046AA91 /* SceneDelegate.swift in Sources */ = {isa = PBXBuildFile; fileRef = 74C1263E23CE16150046AA91 /* SceneDelegate.swift */; };
		74C1264423CE16150046AA91 /* Main.storyboard in Resources */ = {isa = PBXBuildFile; fileRef = 74C1264223CE16150046AA91 /* Main.storyboard */; };
		74C1264723CE16160046AA91 /* Goal_Tracker.xcdatamodeld in Sources */ = {isa = PBXBuildFile; fileRef = 74C1264523CE16160046AA91 /* Goal_Tracker.xcdatamodeld */; };
		74C1264923CE16180046AA91 /* Assets.xcassets in Resources */ = {isa = PBXBuildFile; fileRef = 74C1264823CE16180046AA91 /* Assets.xcassets */; };
		74C1264C23CE16180046AA91 /* LaunchScreen.storyboard in Resources */ = {isa = PBXBuildFile; fileRef = 74C1264A23CE16180046AA91 /* LaunchScreen.storyboard */; };
		74C1265823D20E8E0046AA91 /* GoalsTableViewController.swift in Sources */ = {isa = PBXBuildFile; fileRef = 74C1265723D20E8E0046AA91 /* GoalsTableViewController.swift */; };
		74C1265A23D21FDA0046AA91 /* QuoteViewController.swift in Sources */ = {isa = PBXBuildFile; fileRef = 74C1265923D21FDA0046AA91 /* QuoteViewController.swift */; };
		7F42259923E1EC5000B3348E /* QuoteModel.swift in Sources */ = {isa = PBXBuildFile; fileRef = 7F42259823E1EC5000B3348E /* QuoteModel.swift */; };
		7F54D5AE23DF329500668A68 /* Quotes.json in Resources */ = {isa = PBXBuildFile; fileRef = 7F54D5AD23DF329500668A68 /* Quotes.json */; };
		7F8F205123DB3B920087B64C /* QuoteListFileController.swift in Sources */ = {isa = PBXBuildFile; fileRef = 7F8F205023DB3B920087B64C /* QuoteListFileController.swift */; };
/* End PBXBuildFile section */

/* Begin PBXFileReference section */
		7412C92023D74B5000B52897 /* SelectGoalViewController.swift */ = {isa = PBXFileReference; lastKnownFileType = sourcecode.swift; path = SelectGoalViewController.swift; sourceTree = "<group>"; };
		7412C92223D74B9300B52897 /* SetGoalViewController.swift */ = {isa = PBXFileReference; lastKnownFileType = sourcecode.swift; path = SetGoalViewController.swift; sourceTree = "<group>"; };
		74C02C8523D8A0F600B1656D /* Stack.swift */ = {isa = PBXFileReference; lastKnownFileType = sourcecode.swift; path = Stack.swift; sourceTree = "<group>"; };
		74C02C8723D8A13C00B1656D /* Goal.swift */ = {isa = PBXFileReference; lastKnownFileType = sourcecode.swift; path = Goal.swift; sourceTree = "<group>"; };
		74C02C8923D8A14800B1656D /* GoalController.swift */ = {isa = PBXFileReference; lastKnownFileType = sourcecode.swift; path = GoalController.swift; sourceTree = "<group>"; };
		74C1263923CE16150046AA91 /* Goal Tracker.app */ = {isa = PBXFileReference; explicitFileType = wrapper.application; includeInIndex = 0; path = "Goal Tracker.app"; sourceTree = BUILT_PRODUCTS_DIR; };
		74C1263C23CE16150046AA91 /* AppDelegate.swift */ = {isa = PBXFileReference; lastKnownFileType = sourcecode.swift; path = AppDelegate.swift; sourceTree = "<group>"; };
		74C1263E23CE16150046AA91 /* SceneDelegate.swift */ = {isa = PBXFileReference; lastKnownFileType = sourcecode.swift; path = SceneDelegate.swift; sourceTree = "<group>"; };
		74C1264323CE16150046AA91 /* Base */ = {isa = PBXFileReference; lastKnownFileType = file.storyboard; name = Base; path = Base.lproj/Main.storyboard; sourceTree = "<group>"; };
		74C1264623CE16160046AA91 /* Goal_Tracker.xcdatamodel */ = {isa = PBXFileReference; lastKnownFileType = wrapper.xcdatamodel; path = Goal_Tracker.xcdatamodel; sourceTree = "<group>"; };
		74C1264823CE16180046AA91 /* Assets.xcassets */ = {isa = PBXFileReference; lastKnownFileType = folder.assetcatalog; path = Assets.xcassets; sourceTree = "<group>"; };
		74C1264B23CE16180046AA91 /* Base */ = {isa = PBXFileReference; lastKnownFileType = file.storyboard; name = Base; path = Base.lproj/LaunchScreen.storyboard; sourceTree = "<group>"; };
		74C1264D23CE16180046AA91 /* Info.plist */ = {isa = PBXFileReference; lastKnownFileType = text.plist.xml; path = Info.plist; sourceTree = "<group>"; };
		74C1265723D20E8E0046AA91 /* GoalsTableViewController.swift */ = {isa = PBXFileReference; lastKnownFileType = sourcecode.swift; path = GoalsTableViewController.swift; sourceTree = "<group>"; };
		74C1265923D21FDA0046AA91 /* QuoteViewController.swift */ = {isa = PBXFileReference; lastKnownFileType = sourcecode.swift; path = QuoteViewController.swift; sourceTree = "<group>"; };
		7F42259823E1EC5000B3348E /* QuoteModel.swift */ = {isa = PBXFileReference; fileEncoding = 4; lastKnownFileType = sourcecode.swift; path = QuoteModel.swift; sourceTree = "<group>"; };
		7F54D5AD23DF329500668A68 /* Quotes.json */ = {isa = PBXFileReference; lastKnownFileType = text.json; name = Quotes.json; path = ../Quotes.json; sourceTree = "<group>"; };
		7F8F205023DB3B920087B64C /* QuoteListFileController.swift */ = {isa = PBXFileReference; lastKnownFileType = sourcecode.swift; name = QuoteListFileController.swift; path = View/QuoteListFileController.swift; sourceTree = SOURCE_ROOT; };
/* End PBXFileReference section */

/* Begin PBXFrameworksBuildPhase section */
		74C1263623CE16150046AA91 /* Frameworks */ = {
			isa = PBXFrameworksBuildPhase;
			buildActionMask = 2147483647;
			files = (
			);
			runOnlyForDeploymentPostprocessing = 0;
		};
/* End PBXFrameworksBuildPhase section */

/* Begin PBXGroup section */
		74C1263023CE16150046AA91 = {
			isa = PBXGroup;
			children = (
				74C1265323D203930046AA91 /* Model */,
				74C1265523D203BB0046AA91 /* View */,
				74C1265423D203AE0046AA91 /* Controller */,
				74C1265623D203C30046AA91 /* Storyboard */,
				74C1263B23CE16150046AA91 /* Goal Tracker */,
				74C1263A23CE16150046AA91 /* Products */,
			);
			sourceTree = "<group>";
		};
		74C1263A23CE16150046AA91 /* Products */ = {
			isa = PBXGroup;
			children = (
				74C1263923CE16150046AA91 /* Goal Tracker.app */,
			);
			name = Products;
			sourceTree = "<group>";
		};
		74C1263B23CE16150046AA91 /* Goal Tracker */ = {
			isa = PBXGroup;
			children = (
				74C1263C23CE16150046AA91 /* AppDelegate.swift */,
				74C1263E23CE16150046AA91 /* SceneDelegate.swift */,
				74C1264823CE16180046AA91 /* Assets.xcassets */,
				74C1264D23CE16180046AA91 /* Info.plist */,
			);
			path = "Goal Tracker";
			sourceTree = "<group>";
		};
		74C1265323D203930046AA91 /* Model */ = {
			isa = PBXGroup;
			children = (
				74C1264523CE16160046AA91 /* Goal_Tracker.xcdatamodeld */,
				74C02C8523D8A0F600B1656D /* Stack.swift */,
				74C02C8723D8A13C00B1656D /* Goal.swift */,
				74C02C8923D8A14800B1656D /* GoalController.swift */,
				7F42259823E1EC5000B3348E /* QuoteModel.swift */,
			);
			path = Model;
			sourceTree = "<group>";
		};
		74C1265423D203AE0046AA91 /* Controller */ = {
			isa = PBXGroup;
			children = (
				7F8F205023DB3B920087B64C /* QuoteListFileController.swift */,
				7F54D5AD23DF329500668A68 /* Quotes.json */,
			);
			path = Controller;
			sourceTree = "<group>";
		};
		74C1265523D203BB0046AA91 /* View */ = {
			isa = PBXGroup;
			children = (
				74C1265723D20E8E0046AA91 /* GoalsTableViewController.swift */,
				74C1265923D21FDA0046AA91 /* QuoteViewController.swift */,
				7412C92023D74B5000B52897 /* SelectGoalViewController.swift */,
				7412C92223D74B9300B52897 /* SetGoalViewController.swift */,
			);
			path = View;
			sourceTree = "<group>";
		};
		74C1265623D203C30046AA91 /* Storyboard */ = {
			isa = PBXGroup;
			children = (
				74C1264A23CE16180046AA91 /* LaunchScreen.storyboard */,
				74C1264223CE16150046AA91 /* Main.storyboard */,
			);
			path = Storyboard;
			sourceTree = "<group>";
		};
/* End PBXGroup section */

/* Begin PBXNativeTarget section */
		74C1263823CE16150046AA91 /* Goal Tracker */ = {
			isa = PBXNativeTarget;
			buildConfigurationList = 74C1265023CE16190046AA91 /* Build configuration list for PBXNativeTarget "Goal Tracker" */;
			buildPhases = (
				74C1263523CE16150046AA91 /* Sources */,
				74C1263623CE16150046AA91 /* Frameworks */,
				74C1263723CE16150046AA91 /* Resources */,
			);
			buildRules = (
			);
			dependencies = (
			);
			name = "Goal Tracker";
			productName = "Goal Tracker";
			productReference = 74C1263923CE16150046AA91 /* Goal Tracker.app */;
			productType = "com.apple.product-type.application";
		};
/* End PBXNativeTarget section */

/* Begin PBXProject section */
		74C1263123CE16150046AA91 /* Project object */ = {
			isa = PBXProject;
			attributes = {
				LastSwiftUpdateCheck = 1130;
				LastUpgradeCheck = 1130;
				ORGANIZATIONNAME = "Damian Lopez";
				TargetAttributes = {
					74C1263823CE16150046AA91 = {
						CreatedOnToolsVersion = 11.3;
					};
				};
			};
			buildConfigurationList = 74C1263423CE16150046AA91 /* Build configuration list for PBXProject "Goal Tracker" */;
			compatibilityVersion = "Xcode 9.3";
			developmentRegion = en;
			hasScannedForEncodings = 0;
			knownRegions = (
				en,
				Base,
			);
			mainGroup = 74C1263023CE16150046AA91;
			productRefGroup = 74C1263A23CE16150046AA91 /* Products */;
			projectDirPath = "";
			projectRoot = "";
			targets = (
				74C1263823CE16150046AA91 /* Goal Tracker */,
			);
		};
/* End PBXProject section */

/* Begin PBXResourcesBuildPhase section */
		74C1263723CE16150046AA91 /* Resources */ = {
			isa = PBXResourcesBuildPhase;
			buildActionMask = 2147483647;
			files = (
				7F54D5AE23DF329500668A68 /* Quotes.json in Resources */,
				74C1264C23CE16180046AA91 /* LaunchScreen.storyboard in Resources */,
				74C1264923CE16180046AA91 /* Assets.xcassets in Resources */,
				74C1264423CE16150046AA91 /* Main.storyboard in Resources */,
			);
			runOnlyForDeploymentPostprocessing = 0;
		};
/* End PBXResourcesBuildPhase section */

/* Begin PBXSourcesBuildPhase section */
		74C1263523CE16150046AA91 /* Sources */ = {
			isa = PBXSourcesBuildPhase;
			buildActionMask = 2147483647;
			files = (
				74C02C8A23D8A14800B1656D /* GoalController.swift in Sources */,
				74C1263D23CE16150046AA91 /* AppDelegate.swift in Sources */,
				74C1263F23CE16150046AA91 /* SceneDelegate.swift in Sources */,
				74C1265823D20E8E0046AA91 /* GoalsTableViewController.swift in Sources */,
				7412C92123D74B5000B52897 /* SelectGoalViewController.swift in Sources */,
				74C02C8623D8A0F600B1656D /* Stack.swift in Sources */,
				7F42259923E1EC5000B3348E /* QuoteModel.swift in Sources */,
				74C1264723CE16160046AA91 /* Goal_Tracker.xcdatamodeld in Sources */,
				74C1265A23D21FDA0046AA91 /* QuoteViewController.swift in Sources */,
				74C02C8823D8A13C00B1656D /* Goal.swift in Sources */,
				7F8F205123DB3B920087B64C /* QuoteListFileController.swift in Sources */,
				7412C92323D74B9300B52897 /* SetGoalViewController.swift in Sources */,
			);
			runOnlyForDeploymentPostprocessing = 0;
		};
/* End PBXSourcesBuildPhase section */

/* Begin PBXVariantGroup section */
		74C1264223CE16150046AA91 /* Main.storyboard */ = {
			isa = PBXVariantGroup;
			children = (
				74C1264323CE16150046AA91 /* Base */,
			);
			name = Main.storyboard;
			sourceTree = "<group>";
		};
		74C1264A23CE16180046AA91 /* LaunchScreen.storyboard */ = {
			isa = PBXVariantGroup;
			children = (
				74C1264B23CE16180046AA91 /* Base */,
			);
			name = LaunchScreen.storyboard;
			sourceTree = "<group>";
		};
/* End PBXVariantGroup section */

/* Begin XCBuildConfiguration section */
		74C1264E23CE16180046AA91 /* Debug */ = {
			isa = XCBuildConfiguration;
			buildSettings = {
				ALWAYS_SEARCH_USER_PATHS = NO;
				CLANG_ANALYZER_NONNULL = YES;
				CLANG_ANALYZER_NUMBER_OBJECT_CONVERSION = YES_AGGRESSIVE;
				CLANG_CXX_LANGUAGE_STANDARD = "gnu++14";
				CLANG_CXX_LIBRARY = "libc++";
				CLANG_ENABLE_MODULES = YES;
				CLANG_ENABLE_OBJC_ARC = YES;
				CLANG_ENABLE_OBJC_WEAK = YES;
				CLANG_WARN_BLOCK_CAPTURE_AUTORELEASING = YES;
				CLANG_WARN_BOOL_CONVERSION = YES;
				CLANG_WARN_COMMA = YES;
				CLANG_WARN_CONSTANT_CONVERSION = YES;
				CLANG_WARN_DEPRECATED_OBJC_IMPLEMENTATIONS = YES;
				CLANG_WARN_DIRECT_OBJC_ISA_USAGE = YES_ERROR;
				CLANG_WARN_DOCUMENTATION_COMMENTS = YES;
				CLANG_WARN_EMPTY_BODY = YES;
				CLANG_WARN_ENUM_CONVERSION = YES;
				CLANG_WARN_INFINITE_RECURSION = YES;
				CLANG_WARN_INT_CONVERSION = YES;
				CLANG_WARN_NON_LITERAL_NULL_CONVERSION = YES;
				CLANG_WARN_OBJC_IMPLICIT_RETAIN_SELF = YES;
				CLANG_WARN_OBJC_LITERAL_CONVERSION = YES;
				CLANG_WARN_OBJC_ROOT_CLASS = YES_ERROR;
				CLANG_WARN_RANGE_LOOP_ANALYSIS = YES;
				CLANG_WARN_STRICT_PROTOTYPES = YES;
				CLANG_WARN_SUSPICIOUS_MOVE = YES;
				CLANG_WARN_UNGUARDED_AVAILABILITY = YES_AGGRESSIVE;
				CLANG_WARN_UNREACHABLE_CODE = YES;
				CLANG_WARN__DUPLICATE_METHOD_MATCH = YES;
				COPY_PHASE_STRIP = NO;
				DEBUG_INFORMATION_FORMAT = dwarf;
				ENABLE_STRICT_OBJC_MSGSEND = YES;
				ENABLE_TESTABILITY = YES;
				GCC_C_LANGUAGE_STANDARD = gnu11;
				GCC_DYNAMIC_NO_PIC = NO;
				GCC_NO_COMMON_BLOCKS = YES;
				GCC_OPTIMIZATION_LEVEL = 0;
				GCC_PREPROCESSOR_DEFINITIONS = (
					"DEBUG=1",
					"$(inherited)",
				);
				GCC_WARN_64_TO_32_BIT_CONVERSION = YES;
				GCC_WARN_ABOUT_RETURN_TYPE = YES_ERROR;
				GCC_WARN_UNDECLARED_SELECTOR = YES;
				GCC_WARN_UNINITIALIZED_AUTOS = YES_AGGRESSIVE;
				GCC_WARN_UNUSED_FUNCTION = YES;
				GCC_WARN_UNUSED_VARIABLE = YES;
				IPHONEOS_DEPLOYMENT_TARGET = 13.2;
				MTL_ENABLE_DEBUG_INFO = INCLUDE_SOURCE;
				MTL_FAST_MATH = YES;
				ONLY_ACTIVE_ARCH = YES;
				SDKROOT = iphoneos;
				SWIFT_ACTIVE_COMPILATION_CONDITIONS = DEBUG;
				SWIFT_OPTIMIZATION_LEVEL = "-Onone";
			};
			name = Debug;
		};
		74C1264F23CE16190046AA91 /* Release */ = {
			isa = XCBuildConfiguration;
			buildSettings = {
				ALWAYS_SEARCH_USER_PATHS = NO;
				CLANG_ANALYZER_NONNULL = YES;
				CLANG_ANALYZER_NUMBER_OBJECT_CONVERSION = YES_AGGRESSIVE;
				CLANG_CXX_LANGUAGE_STANDARD = "gnu++14";
				CLANG_CXX_LIBRARY = "libc++";
				CLANG_ENABLE_MODULES = YES;
				CLANG_ENABLE_OBJC_ARC = YES;
				CLANG_ENABLE_OBJC_WEAK = YES;
				CLANG_WARN_BLOCK_CAPTURE_AUTORELEASING = YES;
				CLANG_WARN_BOOL_CONVERSION = YES;
				CLANG_WARN_COMMA = YES;
				CLANG_WARN_CONSTANT_CONVERSION = YES;
				CLANG_WARN_DEPRECATED_OBJC_IMPLEMENTATIONS = YES;
				CLANG_WARN_DIRECT_OBJC_ISA_USAGE = YES_ERROR;
				CLANG_WARN_DOCUMENTATION_COMMENTS = YES;
				CLANG_WARN_EMPTY_BODY = YES;
				CLANG_WARN_ENUM_CONVERSION = YES;
				CLANG_WARN_INFINITE_RECURSION = YES;
				CLANG_WARN_INT_CONVERSION = YES;
				CLANG_WARN_NON_LITERAL_NULL_CONVERSION = YES;
				CLANG_WARN_OBJC_IMPLICIT_RETAIN_SELF = YES;
				CLANG_WARN_OBJC_LITERAL_CONVERSION = YES;
				CLANG_WARN_OBJC_ROOT_CLASS = YES_ERROR;
				CLANG_WARN_RANGE_LOOP_ANALYSIS = YES;
				CLANG_WARN_STRICT_PROTOTYPES = YES;
				CLANG_WARN_SUSPICIOUS_MOVE = YES;
				CLANG_WARN_UNGUARDED_AVAILABILITY = YES_AGGRESSIVE;
				CLANG_WARN_UNREACHABLE_CODE = YES;
				CLANG_WARN__DUPLICATE_METHOD_MATCH = YES;
				COPY_PHASE_STRIP = NO;
				DEBUG_INFORMATION_FORMAT = "dwarf-with-dsym";
				ENABLE_NS_ASSERTIONS = NO;
				ENABLE_STRICT_OBJC_MSGSEND = YES;
				GCC_C_LANGUAGE_STANDARD = gnu11;
				GCC_NO_COMMON_BLOCKS = YES;
				GCC_WARN_64_TO_32_BIT_CONVERSION = YES;
				GCC_WARN_ABOUT_RETURN_TYPE = YES_ERROR;
				GCC_WARN_UNDECLARED_SELECTOR = YES;
				GCC_WARN_UNINITIALIZED_AUTOS = YES_AGGRESSIVE;
				GCC_WARN_UNUSED_FUNCTION = YES;
				GCC_WARN_UNUSED_VARIABLE = YES;
				IPHONEOS_DEPLOYMENT_TARGET = 13.2;
				MTL_ENABLE_DEBUG_INFO = NO;
				MTL_FAST_MATH = YES;
				SDKROOT = iphoneos;
				SWIFT_COMPILATION_MODE = wholemodule;
				SWIFT_OPTIMIZATION_LEVEL = "-O";
				VALIDATE_PRODUCT = YES;
			};
			name = Release;
		};
		74C1265123CE16190046AA91 /* Debug */ = {
			isa = XCBuildConfiguration;
			buildSettings = {
				ASSETCATALOG_COMPILER_APPICON_NAME = AppIcon;
				CODE_SIGN_STYLE = Automatic;
				INFOPLIST_FILE = "Goal Tracker/Info.plist";
				LD_RUNPATH_SEARCH_PATHS = (
					"$(inherited)",
					"@executable_path/Frameworks",
				);
				PRODUCT_BUNDLE_IDENTIFIER = "com.example.Goal-Tracker";
				PRODUCT_NAME = "$(TARGET_NAME)";
				SWIFT_VERSION = 5.0;
				TARGETED_DEVICE_FAMILY = "1,2";
			};
			name = Debug;
		};
		74C1265223CE16190046AA91 /* Release */ = {
			isa = XCBuildConfiguration;
			buildSettings = {
				ASSETCATALOG_COMPILER_APPICON_NAME = AppIcon;
				CODE_SIGN_STYLE = Automatic;
				INFOPLIST_FILE = "Goal Tracker/Info.plist";
				LD_RUNPATH_SEARCH_PATHS = (
					"$(inherited)",
					"@executable_path/Frameworks",
				);
				PRODUCT_BUNDLE_IDENTIFIER = "com.example.Goal-Tracker";
				PRODUCT_NAME = "$(TARGET_NAME)";
				SWIFT_VERSION = 5.0;
				TARGETED_DEVICE_FAMILY = "1,2";
			};
			name = Release;
		};
/* End XCBuildConfiguration section */

/* Begin XCConfigurationList section */
		74C1263423CE16150046AA91 /* Build configuration list for PBXProject "Goal Tracker" */ = {
			isa = XCConfigurationList;
			buildConfigurations = (
				74C1264E23CE16180046AA91 /* Debug */,
				74C1264F23CE16190046AA91 /* Release */,
			);
			defaultConfigurationIsVisible = 0;
			defaultConfigurationName = Release;
		};
		74C1265023CE16190046AA91 /* Build configuration list for PBXNativeTarget "Goal Tracker" */ = {
			isa = XCConfigurationList;
			buildConfigurations = (
				74C1265123CE16190046AA91 /* Debug */,
				74C1265223CE16190046AA91 /* Release */,
			);
			defaultConfigurationIsVisible = 0;
			defaultConfigurationName = Release;
		};
/* End XCConfigurationList section */

/* Begin XCVersionGroup section */
		74C1264523CE16160046AA91 /* Goal_Tracker.xcdatamodeld */ = {
			isa = XCVersionGroup;
			children = (
				74C1264623CE16160046AA91 /* Goal_Tracker.xcdatamodel */,
			);
			currentVersion = 74C1264623CE16160046AA91 /* Goal_Tracker.xcdatamodel */;
			path = Goal_Tracker.xcdatamodeld;
			sourceTree = "<group>";
			versionGroupType = wrapper.xcdatamodel;
		};
/* End XCVersionGroup section */
	};
	rootObject = 74C1263123CE16150046AA91 /* Project object */;
}
